// !$*UTF8*$!
{
	archiveVersion = 1;
	classes = {
	};
	objectVersion = 51;
	objects = {

/* Begin PBXBuildFile section */
		0112FD3F22C8C15300F1A51B /* AppDelegate.swift in Sources */ = {isa = PBXBuildFile; fileRef = 0112FD3E22C8C15300F1A51B /* AppDelegate.swift */; };
		0112FD4122C8C15300F1A51B /* ViewController.swift in Sources */ = {isa = PBXBuildFile; fileRef = 0112FD4022C8C15300F1A51B /* ViewController.swift */; };
		0112FD4422C8C15300F1A51B /* Main.storyboard in Resources */ = {isa = PBXBuildFile; fileRef = 0112FD4222C8C15300F1A51B /* Main.storyboard */; };
		0112FD4622C8C16500F1A51B /* Assets.xcassets in Resources */ = {isa = PBXBuildFile; fileRef = 0112FD4522C8C16500F1A51B /* Assets.xcassets */; };
		0112FD4922C8C16500F1A51B /* LaunchScreen.storyboard in Resources */ = {isa = PBXBuildFile; fileRef = 0112FD4722C8C16500F1A51B /* LaunchScreen.storyboard */; };
		0191C16922D0F33F00C6489C /* CoreLocation.framework in Frameworks */ = {isa = PBXBuildFile; fileRef = 0191C16822D0F33F00C6489C /* CoreLocation.framework */; };
/* End PBXBuildFile section */

/* Begin PBXFileReference section */
		0112FD3B22C8C15300F1A51B /* connect_v1_2.app */ = {isa = PBXFileReference; explicitFileType = wrapper.application; includeInIndex = 0; path = connect_v1_2.app; sourceTree = BUILT_PRODUCTS_DIR; };
		0112FD3E22C8C15300F1A51B /* AppDelegate.swift */ = {isa = PBXFileReference; lastKnownFileType = sourcecode.swift; path = AppDelegate.swift; sourceTree = "<group>"; };
		0112FD4022C8C15300F1A51B /* ViewController.swift */ = {isa = PBXFileReference; lastKnownFileType = sourcecode.swift; path = ViewController.swift; sourceTree = "<group>"; };
		0112FD4322C8C15300F1A51B /* Base */ = {isa = PBXFileReference; lastKnownFileType = file.storyboard; name = Base; path = Base.lproj/Main.storyboard; sourceTree = "<group>"; };
		0112FD4522C8C16500F1A51B /* Assets.xcassets */ = {isa = PBXFileReference; lastKnownFileType = folder.assetcatalog; path = Assets.xcassets; sourceTree = "<group>"; };
		0112FD4822C8C16500F1A51B /* Base */ = {isa = PBXFileReference; lastKnownFileType = file.storyboard; name = Base; path = Base.lproj/LaunchScreen.storyboard; sourceTree = "<group>"; };
		0112FD4A22C8C16500F1A51B /* Info.plist */ = {isa = PBXFileReference; lastKnownFileType = text.plist.xml; path = Info.plist; sourceTree = "<group>"; };
		0191C16822D0F33F00C6489C /* CoreLocation.framework */ = {isa = PBXFileReference; lastKnownFileType = wrapper.framework; name = CoreLocation.framework; path = System/Library/Frameworks/CoreLocation.framework; sourceTree = SDKROOT; };
/* End PBXFileReference section */

/* Begin PBXFrameworksBuildPhase section */
		0112FD3822C8C15300F1A51B /* Frameworks */ = {
			isa = PBXFrameworksBuildPhase;
			buildActionMask = 2147483647;
			files = (
				0191C16922D0F33F00C6489C /* CoreLocation.framework in Frameworks */,
			);
			runOnlyForDeploymentPostprocessing = 0;
		};
/* End PBXFrameworksBuildPhase section */

/* Begin PBXGroup section */
		0112FD3222C8C15300F1A51B = {
			isa = PBXGroup;
			children = (
				0112FD3D22C8C15300F1A51B /* connect_v1_2 */,
				0112FD3C22C8C15300F1A51B /* Products */,
				0191C16722D0F33F00C6489C /* Frameworks */,
			);
			sourceTree = "<group>";
		};
		0112FD3C22C8C15300F1A51B /* Products */ = {
			isa = PBXGroup;
			children = (
				0112FD3B22C8C15300F1A51B /* connect_v1_2.app */,
			);
			name = Products;
			path = connect_v1_2;
			sourceTree = "<group>";
		};
		0112FD3D22C8C15300F1A51B /* connect_v1_2 */ = {
			isa = PBXGroup;
			children = (
				0112FD3E22C8C15300F1A51B /* AppDelegate.swift */,
				0112FD4022C8C15300F1A51B /* ViewController.swift */,
				0112FD4222C8C15300F1A51B /* Main.storyboard */,
				0112FD4522C8C16500F1A51B /* Assets.xcassets */,
				0112FD4722C8C16500F1A51B /* LaunchScreen.storyboard */,
				0112FD4A22C8C16500F1A51B /* Info.plist */,
			);
			path = connect_v1_2;
			sourceTree = "<group>";
		};
		0191C16722D0F33F00C6489C /* Frameworks */ = {
			isa = PBXGroup;
			children = (
				0191C16822D0F33F00C6489C /* CoreLocation.framework */,
			);
			name = Frameworks;
			path = connect_v1_2;
			sourceTree = "<group>";
		};
/* End PBXGroup section */

/* Begin PBXNativeTarget section */
		0112FD3A22C8C15300F1A51B /* connect_v1_2 */ = {
			isa = PBXNativeTarget;
			buildConfigurationList = 0112FD4D22C8C16500F1A51B /* Build configuration list for PBXNativeTarget "connect_v1_2" */;
			buildPhases = (
				0112FD3722C8C15300F1A51B /* Sources */,
				0112FD3822C8C15300F1A51B /* Frameworks */,
				0112FD3922C8C15300F1A51B /* Resources */,
			);
			buildRules = (
			);
			dependencies = (
			);
			name = connect_v1_2;
			productName = hello;
			productReference = 0112FD3B22C8C15300F1A51B /* connect_v1_2.app */;
			productType = "com.apple.product-type.application";
		};
/* End PBXNativeTarget section */

/* Begin PBXProject section */
		0112FD3322C8C15300F1A51B /* Project object */ = {
			isa = PBXProject;
			attributes = {
				LastSwiftUpdateCheck = 1020;
				LastUpgradeCheck = 1020;
				ORGANIZATIONNAME = "fumiya_tellus@yahoo.co.jp";
				TargetAttributes = {
					0112FD3A22C8C15300F1A51B = {
						CreatedOnToolsVersion = 10.2.1;
						SystemCapabilities = {
							com.apple.BackgroundModes = {
								enabled = 1;
							};
						};
					};
				};
			};
			buildConfigurationList = 0112FD3622C8C15300F1A51B /* Build configuration list for PBXProject "connect_v1_2" */;
			compatibilityVersion = "Xcode 10.0";
			developmentRegion = en;
			hasScannedForEncodings = 0;
			knownRegions = (
				en,
				Base,
			);
			mainGroup = 0112FD3222C8C15300F1A51B;
			productRefGroup = 0112FD3C22C8C15300F1A51B /* Products */;
			projectDirPath = "";
			projectRoot = "";
			targets = (
				0112FD3A22C8C15300F1A51B /* connect_v1_2 */,
			);
		};
/* End PBXProject section */

/* Begin PBXResourcesBuildPhase section */
		0112FD3922C8C15300F1A51B /* Resources */ = {
			isa = PBXResourcesBuildPhase;
			buildActionMask = 2147483647;
			files = (
				0112FD4922C8C16500F1A51B /* LaunchScreen.storyboard in Resources */,
				0112FD4622C8C16500F1A51B /* Assets.xcassets in Resources */,
				0112FD4422C8C15300F1A51B /* Main.storyboard in Resources */,
			);
			runOnlyForDeploymentPostprocessing = 0;
		};
/* End PBXResourcesBuildPhase section */

/* Begin PBXSourcesBuildPhase section */
		0112FD3722C8C15300F1A51B /* Sources */ = {
			isa = PBXSourcesBuildPhase;
			buildActionMask = 2147483647;
			files = (
				0112FD4122C8C15300F1A51B /* ViewController.swift in Sources */,
				0112FD3F22C8C15300F1A51B /* AppDelegate.swift in Sources */,
			);
			runOnlyForDeploymentPostprocessing = 0;
		};
/* End PBXSourcesBuildPhase section */

/* Begin PBXVariantGroup section */
		0112FD4222C8C15300F1A51B /* Main.storyboard */ = {
			isa = PBXVariantGroup;
			children = (
				0112FD4322C8C15300F1A51B /* Base */,
			);
			name = Main.storyboard;
			sourceTree = "<group>";
		};
		0112FD4722C8C16500F1A51B /* LaunchScreen.storyboard */ = {
			isa = PBXVariantGroup;
			children = (
				0112FD4822C8C16500F1A51B /* Base */,
			);
			name = LaunchScreen.storyboard;
			sourceTree = "<group>";
		};
/* End PBXVariantGroup section */

/* Begin XCBuildConfiguration section */
		0112FD4B22C8C16500F1A51B /* Debug */ = {
			isa = XCBuildConfiguration;
			buildSettings = {
				ALWAYS_SEARCH_USER_PATHS = NO;
				CLANG_ANALYZER_NONNULL = YES;
				CLANG_ANALYZER_NUMBER_OBJECT_CONVERSION = YES_AGGRESSIVE;
				CLANG_CXX_LANGUAGE_STANDARD = "gnu++14";
				CLANG_CXX_LIBRARY = "libc++";
				CLANG_ENABLE_MODULES = YES;
				CLANG_ENABLE_OBJC_ARC = YES;
				CLANG_ENABLE_OBJC_WEAK = YES;
				CLANG_WARN_BLOCK_CAPTURE_AUTORELEASING = YES;
				CLANG_WARN_BOOL_CONVERSION = YES;
				CLANG_WARN_COMMA = YES;
				CLANG_WARN_CONSTANT_CONVERSION = YES;
				CLANG_WARN_DEPRECATED_OBJC_IMPLEMENTATIONS = YES;
				CLANG_WARN_DIRECT_OBJC_ISA_USAGE = YES_ERROR;
				CLANG_WARN_DOCUMENTATION_COMMENTS = YES;
				CLANG_WARN_EMPTY_BODY = YES;
				CLANG_WARN_ENUM_CONVERSION = YES;
				CLANG_WARN_INFINITE_RECURSION = YES;
				CLANG_WARN_INT_CONVERSION = YES;
				CLANG_WARN_NON_LITERAL_NULL_CONVERSION = YES;
				CLANG_WARN_OBJC_IMPLICIT_RETAIN_SELF = YES;
				CLANG_WARN_OBJC_LITERAL_CONVERSION = YES;
				CLANG_WARN_OBJC_ROOT_CLASS = YES_ERROR;
				CLANG_WARN_RANGE_LOOP_ANALYSIS = YES;
				CLANG_WARN_STRICT_PROTOTYPES = YES;
				CLANG_WARN_SUSPICIOUS_MOVE = YES;
				CLANG_WARN_UNGUARDED_AVAILABILITY = YES_AGGRESSIVE;
				CLANG_WARN_UNREACHABLE_CODE = YES;
				CLANG_WARN__DUPLICATE_METHOD_MATCH = YES;
				CODE_SIGN_IDENTITY = "iPhone Developer";
				COPY_PHASE_STRIP = NO;
				DEBUG_INFORMATION_FORMAT = dwarf;
				ENABLE_STRICT_OBJC_MSGSEND = YES;
				ENABLE_TESTABILITY = YES;
				GCC_C_LANGUAGE_STANDARD = gnu11;
				GCC_DYNAMIC_NO_PIC = NO;
				GCC_NO_COMMON_BLOCKS = YES;
				GCC_OPTIMIZATION_LEVEL = 0;
				GCC_PREPROCESSOR_DEFINITIONS = (
					"DEBUG=1",
					"$(inherited)",
				);
				GCC_WARN_64_TO_32_BIT_CONVERSION = YES;
				GCC_WARN_ABOUT_RETURN_TYPE = YES_ERROR;
				GCC_WARN_UNDECLARED_SELECTOR = YES;
				GCC_WARN_UNINITIALIZED_AUTOS = YES_AGGRESSIVE;
				GCC_WARN_UNUSED_FUNCTION = YES;
				GCC_WARN_UNUSED_VARIABLE = YES;
				IPHONEOS_DEPLOYMENT_TARGET = 12.2;
				MTL_ENABLE_DEBUG_INFO = INCLUDE_SOURCE;
				MTL_FAST_MATH = YES;
				ONLY_ACTIVE_ARCH = YES;
				SDKROOT = iphoneos;
				SWIFT_ACTIVE_COMPILATION_CONDITIONS = DEBUG;
				SWIFT_OPTIMIZATION_LEVEL = "-Onone";
			};
			name = Debug;
		};
		0112FD4C22C8C16500F1A51B /* Release */ = {
			isa = XCBuildConfiguration;
			buildSettings = {
				ALWAYS_SEARCH_USER_PATHS = NO;
				CLANG_ANALYZER_NONNULL = YES;
				CLANG_ANALYZER_NUMBER_OBJECT_CONVERSION = YES_AGGRESSIVE;
				CLANG_CXX_LANGUAGE_STANDARD = "gnu++14";
				CLANG_CXX_LIBRARY = "libc++";
				CLANG_ENABLE_MODULES = YES;
				CLANG_ENABLE_OBJC_ARC = YES;
				CLANG_ENABLE_OBJC_WEAK = YES;
				CLANG_WARN_BLOCK_CAPTURE_AUTORELEASING = YES;
				CLANG_WARN_BOOL_CONVERSION = YES;
				CLANG_WARN_COMMA = YES;
				CLANG_WARN_CONSTANT_CONVERSION = YES;
				CLANG_WARN_DEPRECATED_OBJC_IMPLEMENTATIONS = YES;
				CLANG_WARN_DIRECT_OBJC_ISA_USAGE = YES_ERROR;
				CLANG_WARN_DOCUMENTATION_COMMENTS = YES;
				CLANG_WARN_EMPTY_BODY = YES;
				CLANG_WARN_ENUM_CONVERSION = YES;
				CLANG_WARN_INFINITE_RECURSION = YES;
				CLANG_WARN_INT_CONVERSION = YES;
				CLANG_WARN_NON_LITERAL_NULL_CONVERSION = YES;
				CLANG_WARN_OBJC_IMPLICIT_RETAIN_SELF = YES;
				CLANG_WARN_OBJC_LITERAL_CONVERSION = YES;
				CLANG_WARN_OBJC_ROOT_CLASS = YES_ERROR;
				CLANG_WARN_RANGE_LOOP_ANALYSIS = YES;
				CLANG_WARN_STRICT_PROTOTYPES = YES;
				CLANG_WARN_SUSPICIOUS_MOVE = YES;
				CLANG_WARN_UNGUARDED_AVAILABILITY = YES_AGGRESSIVE;
				CLANG_WARN_UNREACHABLE_CODE = YES;
				CLANG_WARN__DUPLICATE_METHOD_MATCH = YES;
				CODE_SIGN_IDENTITY = "iPhone Developer";
				COPY_PHASE_STRIP = NO;
				DEBUG_INFORMATION_FORMAT = "dwarf-with-dsym";
				ENABLE_NS_ASSERTIONS = NO;
				ENABLE_STRICT_OBJC_MSGSEND = YES;
				GCC_C_LANGUAGE_STANDARD = gnu11;
				GCC_NO_COMMON_BLOCKS = YES;
				GCC_WARN_64_TO_32_BIT_CONVERSION = YES;
				GCC_WARN_ABOUT_RETURN_TYPE = YES_ERROR;
				GCC_WARN_UNDECLARED_SELECTOR = YES;
				GCC_WARN_UNINITIALIZED_AUTOS = YES_AGGRESSIVE;
				GCC_WARN_UNUSED_FUNCTION = YES;
				GCC_WARN_UNUSED_VARIABLE = YES;
				IPHONEOS_DEPLOYMENT_TARGET = 12.2;
				MTL_ENABLE_DEBUG_INFO = NO;
				MTL_FAST_MATH = YES;
				SDKROOT = iphoneos;
				SWIFT_COMPILATION_MODE = wholemodule;
				SWIFT_OPTIMIZATION_LEVEL = "-O";
				VALIDATE_PRODUCT = YES;
			};
			name = Release;
		};
		0112FD4E22C8C16500F1A51B /* Debug */ = {
			isa = XCBuildConfiguration;
			buildSettings = {
				ASSETCATALOG_COMPILER_APPICON_NAME = AppIcon;
				CODE_SIGN_STYLE = Automatic;
				DEVELOPMENT_TEAM = Y6KAHVBGMW;
				INFOPLIST_FILE = "$(SRCROOT)/connect_v1_2/Info.plist";
				LD_RUNPATH_SEARCH_PATHS = (
					"$(inherited)",
					"@executable_path/Frameworks",
				);
				PRODUCT_BUNDLE_IDENTIFIER = "fumiya-tellus-yahoo.co.jp";
				PRODUCT_NAME = "$(TARGET_NAME)";
				SWIFT_VERSION = 5.0;
				TARGETED_DEVICE_FAMILY = "1,2";
			};
			name = Debug;
		};
		0112FD4F22C8C16500F1A51B /* Release */ = {
			isa = XCBuildConfiguration;
			buildSettings = {
				ASSETCATALOG_COMPILER_APPICON_NAME = AppIcon;
				CODE_SIGN_STYLE = Automatic;
				DEVELOPMENT_TEAM = Y6KAHVBGMW;
				INFOPLIST_FILE = "$(SRCROOT)/connect_v1_2/Info.plist";
				LD_RUNPATH_SEARCH_PATHS = (
					"$(inherited)",
					"@executable_path/Frameworks",
				);
				PRODUCT_BUNDLE_IDENTIFIER = "fumiya-tellus-yahoo.co.jp";
				PRODUCT_NAME = "$(TARGET_NAME)";
				SWIFT_VERSION = 5.0;
				TARGETED_DEVICE_FAMILY = "1,2";
			};
			name = Release;
		};
/* End XCBuildConfiguration section */

/* Begin XCConfigurationList section */
		0112FD3622C8C15300F1A51B /* Build configuration list for PBXProject "connect_v1_2" */ = {
			isa = XCConfigurationList;
			buildConfigurations = (
				0112FD4B22C8C16500F1A51B /* Debug */,
				0112FD4C22C8C16500F1A51B /* Release */,
			);
			defaultConfigurationIsVisible = 0;
			defaultConfigurationName = Release;
		};
		0112FD4D22C8C16500F1A51B /* Build configuration list for PBXNativeTarget "connect_v1_2" */ = {
			isa = XCConfigurationList;
			buildConfigurations = (
				0112FD4E22C8C16500F1A51B /* Debug */,
				0112FD4F22C8C16500F1A51B /* Release */,
			);
			defaultConfigurationIsVisible = 0;
			defaultConfigurationName = Release;
		};
/* End XCConfigurationList section */
	};
	rootObject = 0112FD3322C8C15300F1A51B /* Project object */;
}
